# This file is automatically @generated by Cargo.
# It is not intended for manual editing.
version = 3

[[package]]
name = "TSPL"
version = "0.0.13"
source = "registry+https://github.com/rust-lang/crates.io-index"
checksum = "fe639519d49b56c98fd4fde7a5a7be01b5563862341a783b9bc2eb58f5120d8b"
dependencies = [
 "highlight_error",
]

[[package]]
name = "de-bruijn"
version = "0.1.0"
dependencies = [
 "TSPL",
]

[[package]]
name = "highlight_error"
version = "0.1.1"
source = "registry+https://github.com/rust-lang/crates.io-index"
checksum = "809e18805660d7b6b2e2b9f316a5099521b5998d5cba4dda11b5157a21aaef03"
